
Microsoft Visual Studio Solution File, Format Version 12.00
# Visual Studio Version 16
VisualStudioVersion = 16.0.29519.181
MinimumVisualStudioVersion = 10.0.40219.1
Project("{FAE04EC0-301F-11D3-BF4B-00C04F79EFBC}") = "Rawr", "Rawr.csproj", "{FBE909EF-7C8A-4AAE-9133-87D4AD2C5119}"
EndProject
Global
	GlobalSection(SolutionConfigurationPlatforms) = preSolution
		Debug|Any CPU = Debug|Any CPU
		Release|Any CPU = Release|Any CPU
	EndGlobalSection
	GlobalSection(ProjectConfigurationPlatforms) = postSolution
		{FBE909EF-7C8A-4AAE-9133-87D4AD2C5119}.Debug|Any CPU.ActiveCfg = Debug|Any CPU
		{FBE909EF-7C8A-4AAE-9133-87D4AD2C5119}.Debug|Any CPU.Build.0 = Debug|Any CPU
		{FBE909EF-7C8A-4AAE-9133-87D4AD2C5119}.Release|Any CPU.ActiveCfg = Release|Any CPU
		{FBE909EF-7C8A-4AAE-9133-87D4AD2C5119}.Release|Any CPU.Build.0 = Release|Any CPU
	EndGlobalSection
	GlobalSection(SolutionProperties) = preSolution
		HideSolutionNode = FALSE
	EndGlobalSection
	GlobalSection(ExtensibilityGlobals) = postSolution
		SolutionGuid = {E42F54F3-F328-45E6-B4AC-FD4F0FE639D0}
	EndGlobalSection
EndGlobal
